
Microsoft Visual Studio Solution File, Format Version 11.00
# Visual Studio 2010
Project("{8BC9CEB8-8B4A-11D0-8D11-00A0C91BC942}") = "EarthMatrixRibbon", "EarthMatrixRibbon\EarthMatrixRibbon.vcxproj", "{E028F2D7-356E-4E6D-A74C-5FB33749C2B6}"
	ProjectSection(ProjectDependencies) = postProject
		{13F7DC09-C71C-4740-A60C-CA92B625B8C5} = {13F7DC09-C71C-4740-A60C-CA92B625B8C5}
		{BE3ABF43-74BF-4C7C-9C13-13B618217CDB} = {BE3ABF43-74BF-4C7C-9C13-13B618217CDB}
		{FDF43F62-1B33-4272-A588-311B09CA54F6} = {FDF43F62-1B33-4272-A588-311B09CA54F6}
		{0ED7B06C-4C75-4AF0-B067-4115FC4771B0} = {0ED7B06C-4C75-4AF0-B067-4115FC4771B0}
		{6D1F8097-8C3F-499F-9FA2-75CA30AB00C2} = {6D1F8097-8C3F-499F-9FA2-75CA30AB00C2}
		{888FA4B8-D940-4EC5-8495-7CEB4A2D66AF} = {888FA4B8-D940-4EC5-8495-7CEB4A2D66AF}
		{B8D316D0-DF66-4F03-AF12-79247532E413} = {B8D316D0-DF66-4F03-AF12-79247532E413}
		{3EE89CD1-A330-47EB-B86E-DA7AA5B578DA} = {3EE89CD1-A330-47EB-B86E-DA7AA5B578DA}
	EndProjectSection
EndProject
Project("{2150E333-8FDC-42A3-9474-1A3956D46DE8}") = "app", "app", "{21D98C5C-60AF-4D41-B79B-742887311A82}"
EndProject
Project("{2150E333-8FDC-42A3-9474-1A3956D46DE8}") = "core", "core", "{592E9199-E6A5-4DCE-A61F-BC670BC04A7B}"
EndProject
Project("{2150E333-8FDC-42A3-9474-1A3956D46DE8}") = "plugins", "plugins", "{F28F66F7-81CC-4C1E-9677-A20E2D2B5088}"
EndProject
Project("{2150E333-8FDC-42A3-9474-1A3956D46DE8}") = "dependents", "dependents", "{5BA2C6A5-E5D6-4958-A838-7E1EF3FF5644}"
EndProject
Project("{8BC9CEB8-8B4A-11D0-8D11-00A0C91BC942}") = "PluginCore", "PluginCore\PluginCore.vcxproj", "{50E8FF08-BB33-46E9-84DD-70EEB986F9FB}"
	ProjectSection(ProjectDependencies) = postProject
		{55E440C7-B89C-4A2C-A72F-D8EB2D5F7D31} = {55E440C7-B89C-4A2C-A72F-D8EB2D5F7D31}
	EndProjectSection
EndProject
Project("{8BC9CEB8-8B4A-11D0-8D11-00A0C91BC942}") = "Core", "Core\Core.vcxproj", "{888FA4B8-D940-4EC5-8495-7CEB4A2D66AF}"
	ProjectSection(ProjectDependencies) = postProject
		{50E8FF08-BB33-46E9-84DD-70EEB986F9FB} = {50E8FF08-BB33-46E9-84DD-70EEB986F9FB}
		{55E440C7-B89C-4A2C-A72F-D8EB2D5F7D31} = {55E440C7-B89C-4A2C-A72F-D8EB2D5F7D31}
	EndProjectSection
EndProject
Project("{8BC9CEB8-8B4A-11D0-8D11-00A0C91BC942}") = "Stateset", "plugins\Stateset\Stateset.vcxproj", "{6D1F8097-8C3F-499F-9FA2-75CA30AB00C2}"
	ProjectSection(ProjectDependencies) = postProject
		{50E8FF08-BB33-46E9-84DD-70EEB986F9FB} = {50E8FF08-BB33-46E9-84DD-70EEB986F9FB}
		{888FA4B8-D940-4EC5-8495-7CEB4A2D66AF} = {888FA4B8-D940-4EC5-8495-7CEB4A2D66AF}
		{55E440C7-B89C-4A2C-A72F-D8EB2D5F7D31} = {55E440C7-B89C-4A2C-A72F-D8EB2D5F7D31}
	EndProjectSection
EndProject
Project("{8BC9CEB8-8B4A-11D0-8D11-00A0C91BC942}") = "ModelLib", "plugins\ModelLib\ModelLib.vcxproj", "{0ED7B06C-4C75-4AF0-B067-4115FC4771B0}"
	ProjectSection(ProjectDependencies) = postProject
		{50E8FF08-BB33-46E9-84DD-70EEB986F9FB} = {50E8FF08-BB33-46E9-84DD-70EEB986F9FB}
		{888FA4B8-D940-4EC5-8495-7CEB4A2D66AF} = {888FA4B8-D940-4EC5-8495-7CEB4A2D66AF}
		{55E440C7-B89C-4A2C-A72F-D8EB2D5F7D31} = {55E440C7-B89C-4A2C-A72F-D8EB2D5F7D31}
	EndProjectSection
EndProject
Project("{8BC9CEB8-8B4A-11D0-8D11-00A0C91BC942}") = "PathWalk", "plugins\PathWalk\PathWalk.vcxproj", "{B8D316D0-DF66-4F03-AF12-79247532E413}"
	ProjectSection(ProjectDependencies) = postProject
		{50E8FF08-BB33-46E9-84DD-70EEB986F9FB} = {50E8FF08-BB33-46E9-84DD-70EEB986F9FB}
		{888FA4B8-D940-4EC5-8495-7CEB4A2D66AF} = {888FA4B8-D940-4EC5-8495-7CEB4A2D66AF}
		{55E440C7-B89C-4A2C-A72F-D8EB2D5F7D31} = {55E440C7-B89C-4A2C-A72F-D8EB2D5F7D31}
	EndProjectSection
EndProject
Project("{8BC9CEB8-8B4A-11D0-8D11-00A0C91BC942}") = "Project", "plugins\Project\Project.vcxproj", "{BE3ABF43-74BF-4C7C-9C13-13B618217CDB}"
EndProject
Project("{8BC9CEB8-8B4A-11D0-8D11-00A0C91BC942}") = "DataManager", "plugins\DataManager\DataManager.vcxproj", "{13F7DC09-C71C-4740-A60C-CA92B625B8C5}"
EndProject
Project("{8BC9CEB8-8B4A-11D0-8D11-00A0C91BC942}") = "Survey", "plugins\Survey\Survey.vcxproj", "{FDF43F62-1B33-4272-A588-311B09CA54F6}"
EndProject
Project("{8BC9CEB8-8B4A-11D0-8D11-00A0C91BC942}") = "x3manager", "..\dependency\x3py\projects\msvc\x3manager_vc100.vcxproj", "{55E440C7-B89C-4A2C-A72F-D8EB2D5F7D31}"
EndProject
Project("{8BC9CEB8-8B4A-11D0-8D11-00A0C91BC942}") = "OpenFile", "plugins\OpenFile\OpenFile.vcxproj", "{3EE89CD1-A330-47EB-B86E-DA7AA5B578DA}"
EndProject
Global
	GlobalSection(SolutionConfigurationPlatforms) = preSolution
		Debug_2D|Itanium = Debug_2D|Itanium
		Debug_2D|Win32 = Debug_2D|Win32
		Debug_2D|x64 = Debug_2D|x64
		Debug|Itanium = Debug|Itanium
		Debug|Win32 = Debug|Win32
		Debug|x64 = Debug|x64
		Release_2D_Debug|Itanium = Release_2D_Debug|Itanium
		Release_2D_Debug|Win32 = Release_2D_Debug|Win32
		Release_2D_Debug|x64 = Release_2D_Debug|x64
		Release_2D|Itanium = Release_2D|Itanium
		Release_2D|Win32 = Release_2D|Win32
		Release_2D|x64 = Release_2D|x64
		Release|Itanium = Release|Itanium
		Release|Win32 = Release|Win32
		Release|x64 = Release|x64
	EndGlobalSection
	GlobalSection(ProjectConfigurationPlatforms) = postSolution
		{E028F2D7-356E-4E6D-A74C-5FB33749C2B6}.Debug_2D|Itanium.ActiveCfg = Debug|x64
		{E028F2D7-356E-4E6D-A74C-5FB33749C2B6}.Debug_2D|Win32.ActiveCfg = Debug_2D|Win32
		{E028F2D7-356E-4E6D-A74C-5FB33749C2B6}.Debug_2D|Win32.Build.0 = Debug_2D|Win32
		{E028F2D7-356E-4E6D-A74C-5FB33749C2B6}.Debug_2D|x64.ActiveCfg = Debug_2D|x64
		{E028F2D7-356E-4E6D-A74C-5FB33749C2B6}.Debug_2D|x64.Build.0 = Debug_2D|x64
		{E028F2D7-356E-4E6D-A74C-5FB33749C2B6}.Debug|Itanium.ActiveCfg = Debug|x64
		{E028F2D7-356E-4E6D-A74C-5FB33749C2B6}.Debug|Win32.ActiveCfg = Debug|Win32
		{E028F2D7-356E-4E6D-A74C-5FB33749C2B6}.Debug|Win32.Build.0 = Debug|Win32
		{E028F2D7-356E-4E6D-A74C-5FB33749C2B6}.Debug|x64.ActiveCfg = Debug|x64
		{E028F2D7-356E-4E6D-A74C-5FB33749C2B6}.Debug|x64.Build.0 = Debug|x64
		{E028F2D7-356E-4E6D-A74C-5FB33749C2B6}.Release_2D_Debug|Itanium.ActiveCfg = Release_2D_Debug|x64
		{E028F2D7-356E-4E6D-A74C-5FB33749C2B6}.Release_2D_Debug|Win32.ActiveCfg = Release_2D_Debug|Win32
		{E028F2D7-356E-4E6D-A74C-5FB33749C2B6}.Release_2D_Debug|Win32.Build.0 = Release_2D_Debug|Win32
		{E028F2D7-356E-4E6D-A74C-5FB33749C2B6}.Release_2D_Debug|x64.ActiveCfg = Release_2D_Debug|x64
		{E028F2D7-356E-4E6D-A74C-5FB33749C2B6}.Release_2D_Debug|x64.Build.0 = Release_2D_Debug|x64
		{E028F2D7-356E-4E6D-A74C-5FB33749C2B6}.Release_2D|Itanium.ActiveCfg = Release_2D|x64
		{E028F2D7-356E-4E6D-A74C-5FB33749C2B6}.Release_2D|Win32.ActiveCfg = Release_2D|Win32
		{E028F2D7-356E-4E6D-A74C-5FB33749C2B6}.Release_2D|Win32.Build.0 = Release_2D|Win32
		{E028F2D7-356E-4E6D-A74C-5FB33749C2B6}.Release_2D|x64.ActiveCfg = Release_2D|x64
		{E028F2D7-356E-4E6D-A74C-5FB33749C2B6}.Release_2D|x64.Build.0 = Release_2D|x64
		{E028F2D7-356E-4E6D-A74C-5FB33749C2B6}.Release|Itanium.ActiveCfg = Release|x64
		{E028F2D7-356E-4E6D-A74C-5FB33749C2B6}.Release|Win32.ActiveCfg = Release|Win32
		{E028F2D7-356E-4E6D-A74C-5FB33749C2B6}.Release|Win32.Build.0 = Release|Win32
		{E028F2D7-356E-4E6D-A74C-5FB33749C2B6}.Release|x64.ActiveCfg = Release|x64
		{E028F2D7-356E-4E6D-A74C-5FB33749C2B6}.Release|x64.Build.0 = Release|x64
		{50E8FF08-BB33-46E9-84DD-70EEB986F9FB}.Debug_2D|Itanium.ActiveCfg = Debug|x64
		{50E8FF08-BB33-46E9-84DD-70EEB986F9FB}.Debug_2D|Win32.ActiveCfg = Debug_2D|Win32
		{50E8FF08-BB33-46E9-84DD-70EEB986F9FB}.Debug_2D|Win32.Build.0 = Debug_2D|Win32
		{50E8FF08-BB33-46E9-84DD-70EEB986F9FB}.Debug_2D|x64.ActiveCfg = Debug_2D|x64
		{50E8FF08-BB33-46E9-84DD-70EEB986F9FB}.Debug_2D|x64.Build.0 = Debug_2D|x64
		{50E8FF08-BB33-46E9-84DD-70EEB986F9FB}.Debug|Itanium.ActiveCfg = Debug|x64
		{50E8FF08-BB33-46E9-84DD-70EEB986F9FB}.Debug|Win32.ActiveCfg = Debug|Win32
		{50E8FF08-BB33-46E9-84DD-70EEB986F9FB}.Debug|Win32.Build.0 = Debug|Win32
		{50E8FF08-BB33-46E9-84DD-70EEB986F9FB}.Debug|x64.ActiveCfg = Debug|x64
		{50E8FF08-BB33-46E9-84DD-70EEB986F9FB}.Debug|x64.Build.0 = Debug|x64
		{50E8FF08-BB33-46E9-84DD-70EEB986F9FB}.Release_2D_Debug|Itanium.ActiveCfg = Release_2D_Debug|x64
		{50E8FF08-BB33-46E9-84DD-70EEB986F9FB}.Release_2D_Debug|Win32.ActiveCfg = Release_2D_Debug|Win32
		{50E8FF08-BB33-46E9-84DD-70EEB986F9FB}.Release_2D_Debug|Win32.Build.0 = Release_2D_Debug|Win32
		{50E8FF08-BB33-46E9-84DD-70EEB986F9FB}.Release_2D_Debug|x64.ActiveCfg = Release_2D_Debug|x64
		{50E8FF08-BB33-46E9-84DD-70EEB986F9FB}.Release_2D_Debug|x64.Build.0 = Release_2D_Debug|x64
		{50E8FF08-BB33-46E9-84DD-70EEB986F9FB}.Release_2D|Itanium.ActiveCfg = Release_2D|x64
		{50E8FF08-BB33-46E9-84DD-70EEB986F9FB}.Release_2D|Win32.ActiveCfg = Release_2D|Win32
		{50E8FF08-BB33-46E9-84DD-70EEB986F9FB}.Release_2D|Win32.Build.0 = Release_2D|Win32
		{50E8FF08-BB33-46E9-84DD-70EEB986F9FB}.Release_2D|x64.ActiveCfg = Release_2D|x64
		{50E8FF08-BB33-46E9-84DD-70EEB986F9FB}.Release_2D|x64.Build.0 = Release_2D|x64
		{50E8FF08-BB33-46E9-84DD-70EEB986F9FB}.Release|Itanium.ActiveCfg = Release|x64
		{50E8FF08-BB33-46E9-84DD-70EEB986F9FB}.Release|Win32.ActiveCfg = Release|Win32
		{50E8FF08-BB33-46E9-84DD-70EEB986F9FB}.Release|Win32.Build.0 = Release|Win32
		{50E8FF08-BB33-46E9-84DD-70EEB986F9FB}.Release|x64.ActiveCfg = Release|x64
		{50E8FF08-BB33-46E9-84DD-70EEB986F9FB}.Release|x64.Build.0 = Release|x64
		{888FA4B8-D940-4EC5-8495-7CEB4A2D66AF}.Debug_2D|Itanium.ActiveCfg = Debug|x64
		{888FA4B8-D940-4EC5-8495-7CEB4A2D66AF}.Debug_2D|Win32.ActiveCfg = Debug_2D|Win32
		{888FA4B8-D940-4EC5-8495-7CEB4A2D66AF}.Debug_2D|Win32.Build.0 = Debug_2D|Win32
		{888FA4B8-D940-4EC5-8495-7CEB4A2D66AF}.Debug_2D|x64.ActiveCfg = Debug_2D|x64
		{888FA4B8-D940-4EC5-8495-7CEB4A2D66AF}.Debug_2D|x64.Build.0 = Debug_2D|x64
		{888FA4B8-D940-4EC5-8495-7CEB4A2D66AF}.Debug|Itanium.ActiveCfg = Debug|x64
		{888FA4B8-D940-4EC5-8495-7CEB4A2D66AF}.Debug|Win32.ActiveCfg = Debug|Win32
		{888FA4B8-D940-4EC5-8495-7CEB4A2D66AF}.Debug|Win32.Build.0 = Debug|Win32
		{888FA4B8-D940-4EC5-8495-7CEB4A2D66AF}.Debug|x64.ActiveCfg = Debug|x64
		{888FA4B8-D940-4EC5-8495-7CEB4A2D66AF}.Debug|x64.Build.0 = Debug|x64
		{888FA4B8-D940-4EC5-8495-7CEB4A2D66AF}.Release_2D_Debug|Itanium.ActiveCfg = Release_2D_Debug|x64
		{888FA4B8-D940-4EC5-8495-7CEB4A2D66AF}.Release_2D_Debug|Win32.ActiveCfg = Release_2D_Debug|Win32
		{888FA4B8-D940-4EC5-8495-7CEB4A2D66AF}.Release_2D_Debug|Win32.Build.0 = Release_2D_Debug|Win32
		{888FA4B8-D940-4EC5-8495-7CEB4A2D66AF}.Release_2D_Debug|x64.ActiveCfg = Release_2D_Debug|x64
		{888FA4B8-D940-4EC5-8495-7CEB4A2D66AF}.Release_2D_Debug|x64.Build.0 = Release_2D_Debug|x64
		{888FA4B8-D940-4EC5-8495-7CEB4A2D66AF}.Release_2D|Itanium.ActiveCfg = Release_2D|x64
		{888FA4B8-D940-4EC5-8495-7CEB4A2D66AF}.Release_2D|Win32.ActiveCfg = Release_2D|Win32
		{888FA4B8-D940-4EC5-8495-7CEB4A2D66AF}.Release_2D|Win32.Build.0 = Release_2D|Win32
		{888FA4B8-D940-4EC5-8495-7CEB4A2D66AF}.Release_2D|x64.ActiveCfg = Release_2D|x64
		{888FA4B8-D940-4EC5-8495-7CEB4A2D66AF}.Release_2D|x64.Build.0 = Release_2D|x64
		{888FA4B8-D940-4EC5-8495-7CEB4A2D66AF}.Release|Itanium.ActiveCfg = Release|x64
		{888FA4B8-D940-4EC5-8495-7CEB4A2D66AF}.Release|Win32.ActiveCfg = Release|Win32
		{888FA4B8-D940-4EC5-8495-7CEB4A2D66AF}.Release|Win32.Build.0 = Release|Win32
		{888FA4B8-D940-4EC5-8495-7CEB4A2D66AF}.Release|x64.ActiveCfg = Release|x64
		{888FA4B8-D940-4EC5-8495-7CEB4A2D66AF}.Release|x64.Build.0 = Release|x64
		{6D1F8097-8C3F-499F-9FA2-75CA30AB00C2}.Debug_2D|Itanium.ActiveCfg = Debug|x64
		{6D1F8097-8C3F-499F-9FA2-75CA30AB00C2}.Debug_2D|Win32.ActiveCfg = Debug_2D|Win32
		{6D1F8097-8C3F-499F-9FA2-75CA30AB00C2}.Debug_2D|Win32.Build.0 = Debug_2D|Win32
		{6D1F8097-8C3F-499F-9FA2-75CA30AB00C2}.Debug_2D|x64.ActiveCfg = Debug_2D|x64
		{6D1F8097-8C3F-499F-9FA2-75CA30AB00C2}.Debug_2D|x64.Build.0 = Debug_2D|x64
		{6D1F8097-8C3F-499F-9FA2-75CA30AB00C2}.Debug|Itanium.ActiveCfg = Debug|x64
		{6D1F8097-8C3F-499F-9FA2-75CA30AB00C2}.Debug|Win32.ActiveCfg = Debug|Win32
		{6D1F8097-8C3F-499F-9FA2-75CA30AB00C2}.Debug|Win32.Build.0 = Debug|Win32
		{6D1F8097-8C3F-499F-9FA2-75CA30AB00C2}.Debug|x64.ActiveCfg = Debug|x64
		{6D1F8097-8C3F-499F-9FA2-75CA30AB00C2}.Debug|x64.Build.0 = Debug|x64
		{6D1F8097-8C3F-499F-9FA2-75CA30AB00C2}.Release_2D_Debug|Itanium.ActiveCfg = Release_2D_Debug|x64
		{6D1F8097-8C3F-499F-9FA2-75CA30AB00C2}.Release_2D_Debug|Win32.ActiveCfg = Release_2D_Debug|Win32
		{6D1F8097-8C3F-499F-9FA2-75CA30AB00C2}.Release_2D_Debug|Win32.Build.0 = Release_2D_Debug|Win32
		{6D1F8097-8C3F-499F-9FA2-75CA30AB00C2}.Release_2D_Debug|x64.ActiveCfg = Release_2D_Debug|x64
		{6D1F8097-8C3F-499F-9FA2-75CA30AB00C2}.Release_2D_Debug|x64.Build.0 = Release_2D_Debug|x64
		{6D1F8097-8C3F-499F-9FA2-75CA30AB00C2}.Release_2D|Itanium.ActiveCfg = Release_2D|x64
		{6D1F8097-8C3F-499F-9FA2-75CA30AB00C2}.Release_2D|Win32.ActiveCfg = Release_2D|Win32
		{6D1F8097-8C3F-499F-9FA2-75CA30AB00C2}.Release_2D|Win32.Build.0 = Release_2D|Win32
		{6D1F8097-8C3F-499F-9FA2-75CA30AB00C2}.Release_2D|x64.ActiveCfg = Release_2D|x64
		{6D1F8097-8C3F-499F-9FA2-75CA30AB00C2}.Release_2D|x64.Build.0 = Release_2D|x64
		{6D1F8097-8C3F-499F-9FA2-75CA30AB00C2}.Release|Itanium.ActiveCfg = Release|x64
		{6D1F8097-8C3F-499F-9FA2-75CA30AB00C2}.Release|Win32.ActiveCfg = Release|Win32
		{6D1F8097-8C3F-499F-9FA2-75CA30AB00C2}.Release|Win32.Build.0 = Release|Win32
		{6D1F8097-8C3F-499F-9FA2-75CA30AB00C2}.Release|x64.ActiveCfg = Release|x64
		{6D1F8097-8C3F-499F-9FA2-75CA30AB00C2}.Release|x64.Build.0 = Release|x64
		{0ED7B06C-4C75-4AF0-B067-4115FC4771B0}.Debug_2D|Itanium.ActiveCfg = Debug|Win32
		{0ED7B06C-4C75-4AF0-B067-4115FC4771B0}.Debug_2D|Win32.ActiveCfg = Debug_2D|Win32
		{0ED7B06C-4C75-4AF0-B067-4115FC4771B0}.Debug_2D|Win32.Build.0 = Debug_2D|Win32
		{0ED7B06C-4C75-4AF0-B067-4115FC4771B0}.Debug_2D|x64.ActiveCfg = Debug_2D|x64
		{0ED7B06C-4C75-4AF0-B067-4115FC4771B0}.Debug_2D|x64.Build.0 = Debug_2D|x64
		{0ED7B06C-4C75-4AF0-B067-4115FC4771B0}.Debug|Itanium.ActiveCfg = Debug|Win32
		{0ED7B06C-4C75-4AF0-B067-4115FC4771B0}.Debug|Win32.ActiveCfg = Debug|Win32
		{0ED7B06C-4C75-4AF0-B067-4115FC4771B0}.Debug|Win32.Build.0 = Debug|Win32
		{0ED7B06C-4C75-4AF0-B067-4115FC4771B0}.Debug|x64.ActiveCfg = Debug|x64
		{0ED7B06C-4C75-4AF0-B067-4115FC4771B0}.Debug|x64.Build.0 = Debug|x64
		{0ED7B06C-4C75-4AF0-B067-4115FC4771B0}.Release_2D_Debug|Itanium.ActiveCfg = Release_2D_Debug|x64
		{0ED7B06C-4C75-4AF0-B067-4115FC4771B0}.Release_2D_Debug|Win32.ActiveCfg = Release_2D_Debug|Win32
		{0ED7B06C-4C75-4AF0-B067-4115FC4771B0}.Release_2D_Debug|Win32.Build.0 = Release_2D_Debug|Win32
		{0ED7B06C-4C75-4AF0-B067-4115FC4771B0}.Release_2D_Debug|x64.ActiveCfg = Release_2D_Debug|x64
		{0ED7B06C-4C75-4AF0-B067-4115FC4771B0}.Release_2D_Debug|x64.Build.0 = Release_2D_Debug|x64
		{0ED7B06C-4C75-4AF0-B067-4115FC4771B0}.Release_2D|Itanium.ActiveCfg = Release_2D|x64
		{0ED7B06C-4C75-4AF0-B067-4115FC4771B0}.Release_2D|Win32.ActiveCfg = Release_2D|Win32
		{0ED7B06C-4C75-4AF0-B067-4115FC4771B0}.Release_2D|Win32.Build.0 = Release_2D|Win32
		{0ED7B06C-4C75-4AF0-B067-4115FC4771B0}.Release_2D|x64.ActiveCfg = Release_2D|x64
		{0ED7B06C-4C75-4AF0-B067-4115FC4771B0}.Release_2D|x64.Build.0 = Release_2D|x64
		{0ED7B06C-4C75-4AF0-B067-4115FC4771B0}.Release|Itanium.ActiveCfg = Release|Win32
		{0ED7B06C-4C75-4AF0-B067-4115FC4771B0}.Release|Win32.ActiveCfg = Release|Win32
		{0ED7B06C-4C75-4AF0-B067-4115FC4771B0}.Release|Win32.Build.0 = Release|Win32
		{0ED7B06C-4C75-4AF0-B067-4115FC4771B0}.Release|x64.ActiveCfg = Release|x64
		{0ED7B06C-4C75-4AF0-B067-4115FC4771B0}.Release|x64.Build.0 = Release|x64
		{B8D316D0-DF66-4F03-AF12-79247532E413}.Debug_2D|Itanium.ActiveCfg = Debug|Win32
		{B8D316D0-DF66-4F03-AF12-79247532E413}.Debug_2D|Win32.ActiveCfg = Debug_2D|Win32
		{B8D316D0-DF66-4F03-AF12-79247532E413}.Debug_2D|Win32.Build.0 = Debug_2D|Win32
		{B8D316D0-DF66-4F03-AF12-79247532E413}.Debug_2D|x64.ActiveCfg = Debug_2D|x64
		{B8D316D0-DF66-4F03-AF12-79247532E413}.Debug_2D|x64.Build.0 = Debug_2D|x64
		{B8D316D0-DF66-4F03-AF12-79247532E413}.Debug|Itanium.ActiveCfg = Debug|Win32
		{B8D316D0-DF66-4F03-AF12-79247532E413}.Debug|Win32.ActiveCfg = Debug|Win32
		{B8D316D0-DF66-4F03-AF12-79247532E413}.Debug|Win32.Build.0 = Debug|Win32
		{B8D316D0-DF66-4F03-AF12-79247532E413}.Debug|x64.ActiveCfg = Debug|x64
		{B8D316D0-DF66-4F03-AF12-79247532E413}.Debug|x64.Build.0 = Debug|x64
		{B8D316D0-DF66-4F03-AF12-79247532E413}.Release_2D_Debug|Itanium.ActiveCfg = Release_2D_Debug|x64
		{B8D316D0-DF66-4F03-AF12-79247532E413}.Release_2D_Debug|Win32.ActiveCfg = Release_2D_Debug|Win32
		{B8D316D0-DF66-4F03-AF12-79247532E413}.Release_2D_Debug|Win32.Build.0 = Release_2D_Debug|Win32
		{B8D316D0-DF66-4F03-AF12-79247532E413}.Release_2D_Debug|x64.ActiveCfg = Release_2D_Debug|x64
		{B8D316D0-DF66-4F03-AF12-79247532E413}.Release_2D_Debug|x64.Build.0 = Release_2D_Debug|x64
		{B8D316D0-DF66-4F03-AF12-79247532E413}.Release_2D|Itanium.ActiveCfg = Release_2D|x64
		{B8D316D0-DF66-4F03-AF12-79247532E413}.Release_2D|Win32.ActiveCfg = Release_2D|Win32
		{B8D316D0-DF66-4F03-AF12-79247532E413}.Release_2D|Win32.Build.0 = Release_2D|Win32
		{B8D316D0-DF66-4F03-AF12-79247532E413}.Release_2D|x64.ActiveCfg = Release_2D|x64
		{B8D316D0-DF66-4F03-AF12-79247532E413}.Release_2D|x64.Build.0 = Release_2D|x64
		{B8D316D0-DF66-4F03-AF12-79247532E413}.Release|Itanium.ActiveCfg = Release|Win32
		{B8D316D0-DF66-4F03-AF12-79247532E413}.Release|Win32.ActiveCfg = Release|Win32
		{B8D316D0-DF66-4F03-AF12-79247532E413}.Release|Win32.Build.0 = Release|Win32
		{B8D316D0-DF66-4F03-AF12-79247532E413}.Release|x64.ActiveCfg = Release|x64
		{B8D316D0-DF66-4F03-AF12-79247532E413}.Release|x64.Build.0 = Release|x64
		{BE3ABF43-74BF-4C7C-9C13-13B618217CDB}.Debug_2D|Itanium.ActiveCfg = Debug_2D|x64
		{BE3ABF43-74BF-4C7C-9C13-13B618217CDB}.Debug_2D|Win32.ActiveCfg = Debug_2D|Win32
		{BE3ABF43-74BF-4C7C-9C13-13B618217CDB}.Debug_2D|Win32.Build.0 = Debug_2D|Win32
		{BE3ABF43-74BF-4C7C-9C13-13B618217CDB}.Debug_2D|x64.ActiveCfg = Debug_2D|x64
		{BE3ABF43-74BF-4C7C-9C13-13B618217CDB}.Debug_2D|x64.Build.0 = Debug_2D|x64
		{BE3ABF43-74BF-4C7C-9C13-13B618217CDB}.Debug|Itanium.ActiveCfg = Debug|x64
		{BE3ABF43-74BF-4C7C-9C13-13B618217CDB}.Debug|Win32.ActiveCfg = Debug|Win32
		{BE3ABF43-74BF-4C7C-9C13-13B618217CDB}.Debug|Win32.Build.0 = Debug|Win32
		{BE3ABF43-74BF-4C7C-9C13-13B618217CDB}.Debug|x64.ActiveCfg = Debug|x64
		{BE3ABF43-74BF-4C7C-9C13-13B618217CDB}.Debug|x64.Build.0 = Debug|x64
		{BE3ABF43-74BF-4C7C-9C13-13B618217CDB}.Release_2D_Debug|Itanium.ActiveCfg = Release_2D_Debug|x64
		{BE3ABF43-74BF-4C7C-9C13-13B618217CDB}.Release_2D_Debug|Win32.ActiveCfg = Release_2D_Debug|Win32
		{BE3ABF43-74BF-4C7C-9C13-13B618217CDB}.Release_2D_Debug|Win32.Build.0 = Release_2D_Debug|Win32
		{BE3ABF43-74BF-4C7C-9C13-13B618217CDB}.Release_2D_Debug|x64.ActiveCfg = Release_2D_Debug|x64
		{BE3ABF43-74BF-4C7C-9C13-13B618217CDB}.Release_2D_Debug|x64.Build.0 = Release_2D_Debug|x64
		{BE3ABF43-74BF-4C7C-9C13-13B618217CDB}.Release_2D|Itanium.ActiveCfg = Release_2D|x64
		{BE3ABF43-74BF-4C7C-9C13-13B618217CDB}.Release_2D|Win32.ActiveCfg = Release_2D|Win32
		{BE3ABF43-74BF-4C7C-9C13-13B618217CDB}.Release_2D|Win32.Build.0 = Release_2D|Win32
		{BE3ABF43-74BF-4C7C-9C13-13B618217CDB}.Release_2D|x64.ActiveCfg = Release_2D|x64
		{BE3ABF43-74BF-4C7C-9C13-13B618217CDB}.Release_2D|x64.Build.0 = Release_2D|x64
		{BE3ABF43-74BF-4C7C-9C13-13B618217CDB}.Release|Itanium.ActiveCfg = Release|x64
		{BE3ABF43-74BF-4C7C-9C13-13B618217CDB}.Release|Win32.ActiveCfg = Release|Win32
		{BE3ABF43-74BF-4C7C-9C13-13B618217CDB}.Release|Win32.Build.0 = Release|Win32
		{BE3ABF43-74BF-4C7C-9C13-13B618217CDB}.Release|x64.ActiveCfg = Release|x64
		{BE3ABF43-74BF-4C7C-9C13-13B618217CDB}.Release|x64.Build.0 = Release|x64
		{13F7DC09-C71C-4740-A60C-CA92B625B8C5}.Debug_2D|Itanium.ActiveCfg = Debug_2D|x64
		{13F7DC09-C71C-4740-A60C-CA92B625B8C5}.Debug_2D|Win32.ActiveCfg = Debug_2D|Win32
		{13F7DC09-C71C-4740-A60C-CA92B625B8C5}.Debug_2D|Win32.Build.0 = Debug_2D|Win32
		{13F7DC09-C71C-4740-A60C-CA92B625B8C5}.Debug_2D|x64.ActiveCfg = Debug_2D|x64
		{13F7DC09-C71C-4740-A60C-CA92B625B8C5}.Debug_2D|x64.Build.0 = Debug_2D|x64
		{13F7DC09-C71C-4740-A60C-CA92B625B8C5}.Debug|Itanium.ActiveCfg = Debug|x64
		{13F7DC09-C71C-4740-A60C-CA92B625B8C5}.Debug|Win32.ActiveCfg = Debug|Win32
		{13F7DC09-C71C-4740-A60C-CA92B625B8C5}.Debug|Win32.Build.0 = Debug|Win32
		{13F7DC09-C71C-4740-A60C-CA92B625B8C5}.Debug|x64.ActiveCfg = Debug|x64
		{13F7DC09-C71C-4740-A60C-CA92B625B8C5}.Debug|x64.Build.0 = Debug|x64
		{13F7DC09-C71C-4740-A60C-CA92B625B8C5}.Release_2D_Debug|Itanium.ActiveCfg = Release_2D_Debug|x64
		{13F7DC09-C71C-4740-A60C-CA92B625B8C5}.Release_2D_Debug|Win32.ActiveCfg = Release_2D_Debug|Win32
		{13F7DC09-C71C-4740-A60C-CA92B625B8C5}.Release_2D_Debug|Win32.Build.0 = Release_2D_Debug|Win32
		{13F7DC09-C71C-4740-A60C-CA92B625B8C5}.Release_2D_Debug|x64.ActiveCfg = Release_2D_Debug|x64
		{13F7DC09-C71C-4740-A60C-CA92B625B8C5}.Release_2D_Debug|x64.Build.0 = Release_2D_Debug|x64
		{13F7DC09-C71C-4740-A60C-CA92B625B8C5}.Release_2D|Itanium.ActiveCfg = Release_2D|x64
		{13F7DC09-C71C-4740-A60C-CA92B625B8C5}.Release_2D|Win32.ActiveCfg = Release_2D|Win32
		{13F7DC09-C71C-4740-A60C-CA92B625B8C5}.Release_2D|Win32.Build.0 = Release_2D|Win32
		{13F7DC09-C71C-4740-A60C-CA92B625B8C5}.Release_2D|x64.ActiveCfg = Release_2D|x64
		{13F7DC09-C71C-4740-A60C-CA92B625B8C5}.Release_2D|x64.Build.0 = Release_2D|x64
		{13F7DC09-C71C-4740-A60C-CA92B625B8C5}.Release|Itanium.ActiveCfg = Release|x64
		{13F7DC09-C71C-4740-A60C-CA92B625B8C5}.Release|Win32.ActiveCfg = Release|Win32
		{13F7DC09-C71C-4740-A60C-CA92B625B8C5}.Release|Win32.Build.0 = Release|Win32
		{13F7DC09-C71C-4740-A60C-CA92B625B8C5}.Release|x64.ActiveCfg = Release|x64
		{13F7DC09-C71C-4740-A60C-CA92B625B8C5}.Release|x64.Build.0 = Release|x64
		{FDF43F62-1B33-4272-A588-311B09CA54F6}.Debug_2D|Itanium.ActiveCfg = Debug_2D|x64
		{FDF43F62-1B33-4272-A588-311B09CA54F6}.Debug_2D|Win32.ActiveCfg = Debug_2D|Win32
		{FDF43F62-1B33-4272-A588-311B09CA54F6}.Debug_2D|Win32.Build.0 = Debug_2D|Win32
		{FDF43F62-1B33-4272-A588-311B09CA54F6}.Debug_2D|x64.ActiveCfg = Debug_2D|x64
		{FDF43F62-1B33-4272-A588-311B09CA54F6}.Debug_2D|x64.Build.0 = Debug_2D|x64
		{FDF43F62-1B33-4272-A588-311B09CA54F6}.Debug|Itanium.ActiveCfg = Debug|x64
		{FDF43F62-1B33-4272-A588-311B09CA54F6}.Debug|Win32.ActiveCfg = Debug|Win32
		{FDF43F62-1B33-4272-A588-311B09CA54F6}.Debug|Win32.Build.0 = Debug|Win32
		{FDF43F62-1B33-4272-A588-311B09CA54F6}.Debug|x64.ActiveCfg = Debug|x64
		{FDF43F62-1B33-4272-A588-311B09CA54F6}.Debug|x64.Build.0 = Debug|x64
		{FDF43F62-1B33-4272-A588-311B09CA54F6}.Release_2D_Debug|Itanium.ActiveCfg = Release_2D_Debug|x64
		{FDF43F62-1B33-4272-A588-311B09CA54F6}.Release_2D_Debug|Win32.ActiveCfg = Release_2D_Debug|Win32
		{FDF43F62-1B33-4272-A588-311B09CA54F6}.Release_2D_Debug|Win32.Build.0 = Release_2D_Debug|Win32
		{FDF43F62-1B33-4272-A588-311B09CA54F6}.Release_2D_Debug|x64.ActiveCfg = Release_2D_Debug|x64
		{FDF43F62-1B33-4272-A588-311B09CA54F6}.Release_2D_Debug|x64.Build.0 = Release_2D_Debug|x64
		{FDF43F62-1B33-4272-A588-311B09CA54F6}.Release_2D|Itanium.ActiveCfg = Release_2D|x64
		{FDF43F62-1B33-4272-A588-311B09CA54F6}.Release_2D|Win32.ActiveCfg = Release_2D|Win32
		{FDF43F62-1B33-4272-A588-311B09CA54F6}.Release_2D|Win32.Build.0 = Release_2D|Win32
		{FDF43F62-1B33-4272-A588-311B09CA54F6}.Release_2D|x64.ActiveCfg = Release_2D|x64
		{FDF43F62-1B33-4272-A588-311B09CA54F6}.Release_2D|x64.Build.0 = Release_2D|x64
		{FDF43F62-1B33-4272-A588-311B09CA54F6}.Release|Itanium.ActiveCfg = Release|x64
		{FDF43F62-1B33-4272-A588-311B09CA54F6}.Release|Win32.ActiveCfg = Release|Win32
		{FDF43F62-1B33-4272-A588-311B09CA54F6}.Release|Win32.Build.0 = Release|Win32
		{FDF43F62-1B33-4272-A588-311B09CA54F6}.Release|x64.ActiveCfg = Release|x64
		{FDF43F62-1B33-4272-A588-311B09CA54F6}.Release|x64.Build.0 = Release|x64
		{55E440C7-B89C-4A2C-A72F-D8EB2D5F7D31}.Debug_2D|Itanium.ActiveCfg = Debug_2D|x64
		{55E440C7-B89C-4A2C-A72F-D8EB2D5F7D31}.Debug_2D|Win32.ActiveCfg = Debug_2D|Win32
		{55E440C7-B89C-4A2C-A72F-D8EB2D5F7D31}.Debug_2D|Win32.Build.0 = Debug_2D|Win32
		{55E440C7-B89C-4A2C-A72F-D8EB2D5F7D31}.Debug_2D|x64.ActiveCfg = Debug_2D|x64
		{55E440C7-B89C-4A2C-A72F-D8EB2D5F7D31}.Debug_2D|x64.Build.0 = Debug_2D|x64
		{55E440C7-B89C-4A2C-A72F-D8EB2D5F7D31}.Debug|Itanium.ActiveCfg = Debug|x64
		{55E440C7-B89C-4A2C-A72F-D8EB2D5F7D31}.Debug|Win32.ActiveCfg = Debug|Win32
		{55E440C7-B89C-4A2C-A72F-D8EB2D5F7D31}.Debug|Win32.Build.0 = Debug|Win32
		{55E440C7-B89C-4A2C-A72F-D8EB2D5F7D31}.Debug|x64.ActiveCfg = Debug|x64
		{55E440C7-B89C-4A2C-A72F-D8EB2D5F7D31}.Debug|x64.Build.0 = Debug|x64
		{55E440C7-B89C-4A2C-A72F-D8EB2D5F7D31}.Release_2D_Debug|Itanium.ActiveCfg = Release_2D_Debug|x64
		{55E440C7-B89C-4A2C-A72F-D8EB2D5F7D31}.Release_2D_Debug|Win32.ActiveCfg = Release_2D_Debug|Win32
		{55E440C7-B89C-4A2C-A72F-D8EB2D5F7D31}.Release_2D_Debug|Win32.Build.0 = Release_2D_Debug|Win32
		{55E440C7-B89C-4A2C-A72F-D8EB2D5F7D31}.Release_2D_Debug|x64.ActiveCfg = Release_2D_Debug|x64
		{55E440C7-B89C-4A2C-A72F-D8EB2D5F7D31}.Release_2D_Debug|x64.Build.0 = Release_2D_Debug|x64
		{55E440C7-B89C-4A2C-A72F-D8EB2D5F7D31}.Release_2D|Itanium.ActiveCfg = Release_2D|x64
		{55E440C7-B89C-4A2C-A72F-D8EB2D5F7D31}.Release_2D|Win32.ActiveCfg = Release_2D|Win32
		{55E440C7-B89C-4A2C-A72F-D8EB2D5F7D31}.Release_2D|Win32.Build.0 = Release_2D|Win32
		{55E440C7-B89C-4A2C-A72F-D8EB2D5F7D31}.Release_2D|x64.ActiveCfg = Release_2D|x64
		{55E440C7-B89C-4A2C-A72F-D8EB2D5F7D31}.Release_2D|x64.Build.0 = Release_2D|x64
		{55E440C7-B89C-4A2C-A72F-D8EB2D5F7D31}.Release|Itanium.ActiveCfg = Release|x64
		{55E440C7-B89C-4A2C-A72F-D8EB2D5F7D31}.Release|Win32.ActiveCfg = Release|Win32
		{55E440C7-B89C-4A2C-A72F-D8EB2D5F7D31}.Release|Win32.Build.0 = Release|Win32
		{55E440C7-B89C-4A2C-A72F-D8EB2D5F7D31}.Release|x64.ActiveCfg = Release|x64
		{55E440C7-B89C-4A2C-A72F-D8EB2D5F7D31}.Release|x64.Build.0 = Release|x64
		{3EE89CD1-A330-47EB-B86E-DA7AA5B578DA}.Debug_2D|Itanium.ActiveCfg = Debug_2D|x64
		{3EE89CD1-A330-47EB-B86E-DA7AA5B578DA}.Debug_2D|Win32.ActiveCfg = Debug_2D|Win32
		{3EE89CD1-A330-47EB-B86E-DA7AA5B578DA}.Debug_2D|Win32.Build.0 = Debug_2D|Win32
		{3EE89CD1-A330-47EB-B86E-DA7AA5B578DA}.Debug_2D|x64.ActiveCfg = Debug_2D|x64
		{3EE89CD1-A330-47EB-B86E-DA7AA5B578DA}.Debug_2D|x64.Build.0 = Debug_2D|x64
		{3EE89CD1-A330-47EB-B86E-DA7AA5B578DA}.Debug|Itanium.ActiveCfg = Debug|x64
		{3EE89CD1-A330-47EB-B86E-DA7AA5B578DA}.Debug|Win32.ActiveCfg = Debug|Win32
		{3EE89CD1-A330-47EB-B86E-DA7AA5B578DA}.Debug|Win32.Build.0 = Debug|Win32
		{3EE89CD1-A330-47EB-B86E-DA7AA5B578DA}.Debug|x64.ActiveCfg = Debug|x64
		{3EE89CD1-A330-47EB-B86E-DA7AA5B578DA}.Debug|x64.Build.0 = Debug|x64
		{3EE89CD1-A330-47EB-B86E-DA7AA5B578DA}.Release_2D_Debug|Itanium.ActiveCfg = Release_2D_Debug|x64
		{3EE89CD1-A330-47EB-B86E-DA7AA5B578DA}.Release_2D_Debug|Win32.ActiveCfg = Release_2D_Debug|Win32
		{3EE89CD1-A330-47EB-B86E-DA7AA5B578DA}.Release_2D_Debug|Win32.Build.0 = Release_2D_Debug|Win32
		{3EE89CD1-A330-47EB-B86E-DA7AA5B578DA}.Release_2D_Debug|x64.ActiveCfg = Release_2D_Debug|x64
		{3EE89CD1-A330-47EB-B86E-DA7AA5B578DA}.Release_2D_Debug|x64.Build.0 = Release_2D_Debug|x64
		{3EE89CD1-A330-47EB-B86E-DA7AA5B578DA}.Release_2D|Itanium.ActiveCfg = Release_2D|x64
		{3EE89CD1-A330-47EB-B86E-DA7AA5B578DA}.Release_2D|Win32.ActiveCfg = Release_2D|Win32
		{3EE89CD1-A330-47EB-B86E-DA7AA5B578DA}.Release_2D|Win32.Build.0 = Release_2D|Win32
		{3EE89CD1-A330-47EB-B86E-DA7AA5B578DA}.Release_2D|x64.ActiveCfg = Release_2D|x64
		{3EE89CD1-A330-47EB-B86E-DA7AA5B578DA}.Release_2D|x64.Build.0 = Release_2D|x64
		{3EE89CD1-A330-47EB-B86E-DA7AA5B578DA}.Release|Itanium.ActiveCfg = Release|x64
		{3EE89CD1-A330-47EB-B86E-DA7AA5B578DA}.Release|Win32.ActiveCfg = Release|Win32
		{3EE89CD1-A330-47EB-B86E-DA7AA5B578DA}.Release|Win32.Build.0 = Release|Win32
		{3EE89CD1-A330-47EB-B86E-DA7AA5B578DA}.Release|x64.ActiveCfg = Release|x64
		{3EE89CD1-A330-47EB-B86E-DA7AA5B578DA}.Release|x64.Build.0 = Release|x64
	EndGlobalSection
	GlobalSection(SolutionProperties) = preSolution
		HideSolutionNode = FALSE
	EndGlobalSection
	GlobalSection(NestedProjects) = preSolution
		{E028F2D7-356E-4E6D-A74C-5FB33749C2B6} = {21D98C5C-60AF-4D41-B79B-742887311A82}
		{50E8FF08-BB33-46E9-84DD-70EEB986F9FB} = {592E9199-E6A5-4DCE-A61F-BC670BC04A7B}
		{888FA4B8-D940-4EC5-8495-7CEB4A2D66AF} = {592E9199-E6A5-4DCE-A61F-BC670BC04A7B}
		{6D1F8097-8C3F-499F-9FA2-75CA30AB00C2} = {F28F66F7-81CC-4C1E-9677-A20E2D2B5088}
		{0ED7B06C-4C75-4AF0-B067-4115FC4771B0} = {F28F66F7-81CC-4C1E-9677-A20E2D2B5088}
		{B8D316D0-DF66-4F03-AF12-79247532E413} = {F28F66F7-81CC-4C1E-9677-A20E2D2B5088}
		{BE3ABF43-74BF-4C7C-9C13-13B618217CDB} = {F28F66F7-81CC-4C1E-9677-A20E2D2B5088}
		{13F7DC09-C71C-4740-A60C-CA92B625B8C5} = {F28F66F7-81CC-4C1E-9677-A20E2D2B5088}
		{FDF43F62-1B33-4272-A588-311B09CA54F6} = {F28F66F7-81CC-4C1E-9677-A20E2D2B5088}
		{3EE89CD1-A330-47EB-B86E-DA7AA5B578DA} = {F28F66F7-81CC-4C1E-9677-A20E2D2B5088}
		{55E440C7-B89C-4A2C-A72F-D8EB2D5F7D31} = {5BA2C6A5-E5D6-4958-A838-7E1EF3FF5644}
	EndGlobalSection
EndGlobal
