<?xml version="1.0" encoding="utf-8"?>
<Project ToolsVersion="4.0" xmlns="http://schemas.microsoft.com/developer/msbuild/2003">
  <ItemGroup>
    <Filter Include="Source Files">
      <UniqueIdentifier>{4FC737F1-C7A5-4376-A066-2A32D752A2FF}</UniqueIdentifier>
      <Extensions>cpp;c;cc;cxx;def;odl;idl;hpj;bat;asm;asmx</Extensions>
    </Filter>
    <Filter Include="Header Files">
      <UniqueIdentifier>{93995380-89BD-4b04-88EB-625FBE52EBFB}</UniqueIdentifier>
      <Extensions>h;hpp;hxx;hm;inl;inc;xsd</Extensions>
    </Filter>
    <Filter Include="Resource Files">
      <UniqueIdentifier>{67DA6AB6-F800-4c08-8B7A-83BB121AAD01}</UniqueIdentifier>
      <Extensions>rc;ico;cur;bmp;dlg;rc2;rct;bin;rgs;gif;jpg;jpeg;jpe;resx;tiff;tif;png;wav;mfcribbon-ms</Extensions>
    </Filter>
  </ItemGroup>
  <ItemGroup>
    <None Include="ReadMe.txt" />
    <None Include="toolbar.bmp">
      <Filter>Resource Files</Filter>
    </None>
    <None Include="LineSegmentIntersector">
      <Filter>Header Files</Filter>
    </None>
    <None Include="TriangleFunctor" />
    <None Include="..\..\EarthMatrixRibbon\res\background.bmp">
      <Filter>Resource Files</Filter>
    </None>
    <None Include="..\..\EarthMatrixRibbon\res\playwndbackground.bmp">
      <Filter>Resource Files</Filter>
    </None>
    <None Include="..\..\EarthMatrixRibbon\res\background_dlg.bmp">
      <Filter>Resource Files</Filter>
    </None>
    <None Include="..\..\EarthMatrixRibbon\res\background_com.bmp">
      <Filter>Resource Files</Filter>
    </None>
  </ItemGroup>
  <ItemGroup>
    <ClInclude Include="stdafx.h">
      <Filter>Header Files</Filter>
    </ClInclude>
    <ClInclude Include="targetver.h">
      <Filter>Header Files</Filter>
    </ClInclude>
    <ClInclude Include="Resource.h">
      <Filter>Header Files</Filter>
    </ClInclude>
    <ClInclude Include="DataManager.h">
      <Filter>Header Files</Filter>
    </ClInclude>
    <ClInclude Include="TreeCtrlX.h">
      <Filter>Header Files</Filter>
    </ClInclude>
    <ClInclude Include="DlgAttInfo.h">
      <Filter>Header Files</Filter>
    </ClInclude>
    <ClInclude Include="DlgSearchAdv.h">
      <Filter>Header Files</Filter>
    </ClInclude>
    <ClInclude Include="vlSwitchDisp.h">
      <Filter>Header Files</Filter>
    </ClInclude>
    <ClInclude Include="DlgAttInfoEx.h">
      <Filter>Header Files</Filter>
    </ClInclude>
    <ClInclude Include="HtmlDlg.h">
      <Filter>Header Files</Filter>
    </ClInclude>
    <ClInclude Include="MyHtmlCtrl.h">
      <Filter>Header Files</Filter>
    </ClInclude>
    <ClInclude Include="ShowPictureDlg.h">
      <Filter>Header Files</Filter>
    </ClInclude>
    <ClInclude Include="CvvImage.h">
      <Filter>Header Files</Filter>
    </ClInclude>
    <ClInclude Include="CVMediaPlayerDlg.h">
      <Filter>Header Files</Filter>
    </ClInclude>
    <ClInclude Include="InternetInfoDlg.h">
      <Filter>Header Files</Filter>
    </ClInclude>
    <ClInclude Include="DlgDB_Connect.h">
      <Filter>Header Files</Filter>
    </ClInclude>
    <ClInclude Include="serverConnect.h">
      <Filter>Header Files</Filter>
    </ClInclude>
    <ClInclude Include="DrawAreaHandler.h">
      <Filter>Header Files</Filter>
    </ClInclude>
    <ClInclude Include="DLGShowRealData.h">
      <Filter>Header Files</Filter>
    </ClInclude>
    <ClInclude Include="CDataShowInListView.h">
      <Filter>Header Files</Filter>
    </ClInclude>
    <ClInclude Include="EncodeString.h">
      <Filter>Header Files</Filter>
    </ClInclude>
    <ClInclude Include="BatchQuery.h">
      <Filter>Header Files</Filter>
    </ClInclude>
    <ClInclude Include="updateShpFile.h">
      <Filter>Header Files</Filter>
    </ClInclude>
    <ClInclude Include="functionEx.h">
      <Filter>Header Files</Filter>
    </ClInclude>
    <ClInclude Include="ExplosiveDisposalDlg.h">
      <Filter>Header Files</Filter>
    </ClInclude>
    <ClInclude Include="FireControlDlg.h">
      <Filter>Header Files</Filter>
    </ClInclude>
    <ClInclude Include="CommunityDlg.h">
      <Filter>Header Files</Filter>
    </ClInclude>
    <ClInclude Include="myButton.h">
      <Filter>Header Files</Filter>
    </ClInclude>
    <ClInclude Include="DLGrenqunguanai.h">
      <Filter>Header Files</Filter>
    </ClInclude>
    <ClInclude Include="comFunction.h">
      <Filter>Header Files</Filter>
    </ClInclude>
    <ClInclude Include="DLGQrencode.h">
      <Filter>Header Files</Filter>
    </ClInclude>
    <ClInclude Include="DLGSpecials.h">
      <Filter>Header Files</Filter>
    </ClInclude>
    <ClInclude Include="DLGVLCPlayer.h">
      <Filter>Header Files</Filter>
    </ClInclude>
    <ClInclude Include="DLGSettings.h">
      <Filter>Header Files</Filter>
    </ClInclude>
    <ClInclude Include="DLGNeighborSearch.h">
      <Filter>Header Files</Filter>
    </ClInclude>
    <ClInclude Include="SniperDlg.h">
      <Filter>Header Files</Filter>
    </ClInclude>
    <ClInclude Include="sniperToolHandle.h">
      <Filter>Header Files</Filter>
    </ClInclude>
    <ClInclude Include="DLGzuzhubiangeng.h">
      <Filter>Header Files</Filter>
    </ClInclude>
    <ClInclude Include="DLGanbaodongtai.h">
      <Filter>Header Files</Filter>
    </ClInclude>
    <ClInclude Include="DLGjuhuigenzong.h">
      <Filter>Header Files</Filter>
    </ClInclude>
    <ClInclude Include="BackgroundDlg.h">
      <Filter>Header Files</Filter>
    </ClInclude>
    <ClInclude Include="DLGmenjinqingdan.h">
      <Filter>Header Files</Filter>
    </ClInclude>
    <ClInclude Include="DLGQrencode2.h">
      <Filter>Header Files</Filter>
    </ClInclude>
    <ClInclude Include="..\..\include\EarthMatrix\CMyListCtr.h">
      <Filter>Header Files</Filter>
    </ClInclude>
    <ClInclude Include="..\..\include\EarthMatrix\ColorListCtrl.h">
      <Filter>Header Files</Filter>
    </ClInclude>
  </ItemGroup>
  <ItemGroup>
    <ClCompile Include="stdafx.cpp">
      <Filter>Source Files</Filter>
    </ClCompile>
    <ClCompile Include="module.cpp">
      <Filter>Source Files</Filter>
    </ClCompile>
    <ClCompile Include="DataManager.cpp">
      <Filter>Source Files</Filter>
    </ClCompile>
    <ClCompile Include="TreeCtrlX.cpp">
      <Filter>Source Files</Filter>
    </ClCompile>
    <ClCompile Include="DlgAttInfo.cpp">
      <Filter>Source Files</Filter>
    </ClCompile>
    <ClCompile Include="DlgSearchAdv.cpp">
      <Filter>Source Files</Filter>
    </ClCompile>
    <ClCompile Include="vlSwitchDisp.cpp">
      <Filter>Source Files</Filter>
    </ClCompile>
    <ClCompile Include="DlgAttInfoEx.cpp">
      <Filter>Source Files</Filter>
    </ClCompile>
    <ClCompile Include="HtmlDlg.cpp">
      <Filter>Source Files</Filter>
    </ClCompile>
    <ClCompile Include="MyHtmlCtrl.cpp">
      <Filter>Source Files</Filter>
    </ClCompile>
    <ClCompile Include="ShowPictureDlg.cpp">
      <Filter>Source Files</Filter>
    </ClCompile>
    <ClCompile Include="CvvImage.cpp">
      <Filter>Source Files</Filter>
    </ClCompile>
    <ClCompile Include="CVMediaPlayerDlg.cpp">
      <Filter>Source Files</Filter>
    </ClCompile>
    <ClCompile Include="InternetInfoDlg.cpp">
      <Filter>Source Files</Filter>
    </ClCompile>
    <ClCompile Include="DlgDB_Connect.cpp">
      <Filter>Source Files</Filter>
    </ClCompile>
    <ClCompile Include="serverConnect.cpp">
      <Filter>Source Files</Filter>
    </ClCompile>
    <ClCompile Include="DrawAreaHandler.cpp">
      <Filter>Source Files</Filter>
    </ClCompile>
    <ClCompile Include="LineSegmentIntersector.cpp">
      <Filter>Source Files</Filter>
    </ClCompile>
    <ClCompile Include="CDataShowInListView.cpp">
      <Filter>Source Files</Filter>
    </ClCompile>
    <ClCompile Include="DLGShowRealData.cpp">
      <Filter>Source Files</Filter>
    </ClCompile>
    <ClCompile Include="EncodeString.cpp">
      <Filter>Source Files</Filter>
    </ClCompile>
    <ClCompile Include="BatchQuery.cpp">
      <Filter>Source Files</Filter>
    </ClCompile>
    <ClCompile Include="updateShpFile.cpp">
      <Filter>Source Files</Filter>
    </ClCompile>
    <ClCompile Include="functionEx.cpp">
      <Filter>Source Files</Filter>
    </ClCompile>
    <ClCompile Include="ExplosiveDisposalDlg.cpp">
      <Filter>Source Files</Filter>
    </ClCompile>
    <ClCompile Include="FireControlDlg.cpp">
      <Filter>Source Files</Filter>
    </ClCompile>
    <ClCompile Include="CommunityDlg.cpp">
      <Filter>Source Files</Filter>
    </ClCompile>
    <ClCompile Include="myButton.cpp">
      <Filter>Source Files</Filter>
    </ClCompile>
    <ClCompile Include="DLGrenqunguanai.cpp">
      <Filter>Source Files</Filter>
    </ClCompile>
    <ClCompile Include="comFunction.cpp">
      <Filter>Source Files</Filter>
    </ClCompile>
    <ClCompile Include="DLGQrencode.cpp">
      <Filter>Source Files</Filter>
    </ClCompile>
    <ClCompile Include="DLGSpecials.cpp">
      <Filter>Source Files</Filter>
    </ClCompile>
    <ClCompile Include="DLGVLCPlayer.cpp">
      <Filter>Source Files</Filter>
    </ClCompile>
    <ClCompile Include="DLGSettings.cpp">
      <Filter>Source Files</Filter>
    </ClCompile>
    <ClCompile Include="DLGNeighborSearch.cpp">
      <Filter>Source Files</Filter>
    </ClCompile>
    <ClCompile Include="SniperDlg.cpp">
      <Filter>Source Files</Filter>
    </ClCompile>
    <ClCompile Include="sniperToolHandle.cpp">
      <Filter>Source Files</Filter>
    </ClCompile>
    <ClCompile Include="DLGzuzhubiangeng.cpp">
      <Filter>Source Files</Filter>
    </ClCompile>
    <ClCompile Include="DLGanbaodongtai.cpp">
      <Filter>Source Files</Filter>
    </ClCompile>
    <ClCompile Include="DLGjuhuigenzong.cpp">
      <Filter>Source Files</Filter>
    </ClCompile>
    <ClCompile Include="BackgroundDlg.cpp">
      <Filter>Source Files</Filter>
    </ClCompile>
    <ClCompile Include="DLGmenjinqingdan.cpp">
      <Filter>Source Files</Filter>
    </ClCompile>
    <ClCompile Include="DLGQrencode2.cpp">
      <Filter>Source Files</Filter>
    </ClCompile>
    <ClCompile Include="..\..\include\EarthMatrix\CMyListCtr.cpp">
      <Filter>Source Files</Filter>
    </ClCompile>
    <ClCompile Include="..\..\include\EarthMatrix\ColorListCtrl.cpp">
      <Filter>Source Files</Filter>
    </ClCompile>
  </ItemGroup>
  <ItemGroup>
    <ResourceCompile Include="DataManager.rc">
      <Filter>Resource Files</Filter>
    </ResourceCompile>
  </ItemGroup>
</Project>