<?xml version="1.0" encoding="utf-8"?>
<Project ToolsVersion="4.0" xmlns="http://schemas.microsoft.com/developer/msbuild/2003">
  <ItemGroup>
    <Filter Include="源文件">
      <UniqueIdentifier>{4FC737F1-C7A5-4376-A066-2A32D752A2FF}</UniqueIdentifier>
      <Extensions>cpp;c;cc;cxx;def;odl;idl;hpj;bat;asm;asmx</Extensions>
    </Filter>
    <Filter Include="头文件">
      <UniqueIdentifier>{93995380-89BD-4b04-88EB-625FBE52EBFB}</UniqueIdentifier>
      <Extensions>h;hpp;hxx;hm;inl;inc;xsd</Extensions>
    </Filter>
    <Filter Include="资源文件">
      <UniqueIdentifier>{67DA6AB6-F800-4c08-8B7A-83BB121AAD01}</UniqueIdentifier>
      <Extensions>rc;ico;cur;bmp;dlg;rc2;rct;bin;rgs;gif;jpg;jpeg;jpe;resx;tiff;tif;png;wav;mfcribbon-ms</Extensions>
    </Filter>
  </ItemGroup>
  <ItemGroup>
    <None Include="ReadMe.txt" />
    <None Include="LineSegmentIntersector" />
    <None Include="TriangleIndexFunctor" />
    <None Include="TriangleFunctor" />
  </ItemGroup>
  <ItemGroup>
    <ClInclude Include="stdafx.h">
      <Filter>头文件</Filter>
    </ClInclude>
    <ClInclude Include="targetver.h">
      <Filter>头文件</Filter>
    </ClInclude>
    <ClInclude Include="Resource.h">
      <Filter>头文件</Filter>
    </ClInclude>
    <ClInclude Include="vlAddModel.h">
      <Filter>头文件</Filter>
    </ClInclude>
    <ClInclude Include="vlModelLib.h">
      <Filter>头文件</Filter>
    </ClInclude>
    <ClInclude Include="vlModModel.h">
      <Filter>头文件</Filter>
    </ClInclude>
    <ClInclude Include="vlAddAnno.h">
      <Filter>头文件</Filter>
    </ClInclude>
    <ClInclude Include="AddAnnoDlg.h">
      <Filter>头文件</Filter>
    </ClInclude>
    <ClInclude Include="MovieEventHandler.h">
      <Filter>头文件</Filter>
    </ClInclude>
    <ClInclude Include="vlAddVideo.h">
      <Filter>头文件</Filter>
    </ClInclude>
    <ClInclude Include="vlMeasureToolHandler.h">
      <Filter>头文件</Filter>
    </ClInclude>
    <ClInclude Include="vlAddDynamicModel.h">
      <Filter>头文件</Filter>
    </ClInclude>
    <ClInclude Include="vlAddVideoReal.h">
      <Filter>头文件</Filter>
    </ClInclude>
    <ClInclude Include="DlgRealVideo.h">
      <Filter>头文件</Filter>
    </ClInclude>
    <ClInclude Include="vlPlayVideo.h">
      <Filter>头文件</Filter>
    </ClInclude>
    <ClInclude Include="AddPathDLG.h">
      <Filter>头文件</Filter>
    </ClInclude>
  </ItemGroup>
  <ItemGroup>
    <ClCompile Include="stdafx.cpp">
      <Filter>源文件</Filter>
    </ClCompile>
    <ClCompile Include="module.cpp">
      <Filter>源文件</Filter>
    </ClCompile>
    <ClCompile Include="vlAddModel.cpp">
      <Filter>源文件</Filter>
    </ClCompile>
    <ClCompile Include="vlModelLib.cpp">
      <Filter>源文件</Filter>
    </ClCompile>
    <ClCompile Include="vlModModel.cpp">
      <Filter>源文件</Filter>
    </ClCompile>
    <ClCompile Include="vlAddAnno.cpp">
      <Filter>源文件</Filter>
    </ClCompile>
    <ClCompile Include="AddAnnoDlg.cpp">
      <Filter>源文件</Filter>
    </ClCompile>
    <ClCompile Include="MovieEventHandler.cpp">
      <Filter>源文件</Filter>
    </ClCompile>
    <ClCompile Include="vlAddVideo.cpp">
      <Filter>源文件</Filter>
    </ClCompile>
    <ClCompile Include="vlMeasureToolHandler.cpp">
      <Filter>源文件</Filter>
    </ClCompile>
    <ClCompile Include="LineSegmentIntersector.cpp">
      <Filter>源文件</Filter>
    </ClCompile>
    <ClCompile Include="vlAddDynamicModel.cpp">
      <Filter>源文件</Filter>
    </ClCompile>
    <ClCompile Include="vlAddVideoReal.cpp">
      <Filter>源文件</Filter>
    </ClCompile>
    <ClCompile Include="DlgRealVideo.cpp">
      <Filter>源文件</Filter>
    </ClCompile>
    <ClCompile Include="vlPlayVideo.cpp">
      <Filter>源文件</Filter>
    </ClCompile>
    <ClCompile Include="AddPathDLG.cpp">
      <Filter>源文件</Filter>
    </ClCompile>
  </ItemGroup>
  <ItemGroup>
    <ResourceCompile Include="ModelLib.rc">
      <Filter>资源文件</Filter>
    </ResourceCompile>
  </ItemGroup>
</Project>